
Microsoft Visual Studio Solution File, Format Version 12.00
# Visual Studio Version 17
VisualStudioVersion = 17.13.35825.156 d17.13
MinimumVisualStudioVersion = 10.0.40219.1
Project("{FAE04EC0-301F-11D3-BF4B-00C04F79EFBC}") = "Nocco", "Nocco\Nocco.csproj", "{EF2C3BCA-F3D2-6982-2043-23C2DF4AC33A}"
EndProject
Global
	GlobalSection(SolutionConfigurationPlatforms) = preSolution
		Debug|Any CPU = Debug|Any CPU
		Release|Any CPU = Release|Any CPU
	EndGlobalSection
	GlobalSection(ProjectConfigurationPlatforms) = postSolution
		{EF2C3BCA-F3D2-6982-2043-23C2DF4AC33A}.Debug|Any CPU.ActiveCfg = Debug|Any CPU
		{EF2C3BCA-F3D2-6982-2043-23C2DF4AC33A}.Debug|Any CPU.Build.0 = Debug|Any CPU
		{EF2C3BCA-F3D2-6982-2043-23C2DF4AC33A}.Release|Any CPU.ActiveCfg = Release|Any CPU
		{EF2C3BCA-F3D2-6982-2043-23C2DF4AC33A}.Release|Any CPU.Build.0 = Release|Any CPU
	EndGlobalSection
	GlobalSection(SolutionProperties) = preSolution
		HideSolutionNode = FALSE
	EndGlobalSection
	GlobalSection(ExtensibilityGlobals) = postSolution
		SolutionGuid = {66EB6C73-95A6-4C9C-9C34-B6C864AB2910}
	EndGlobalSection
EndGlobal
